{
    "_meta": {
        "hash": {
            "sha256": "6c560091545782876e169f717535b43026263b53e9435436f15c7f500258d1ba"
        },
        "pipfile-spec": 6,
        "requires": {
            "python_version": "3.6"
        },
        "sources": [
            {
                "name": "pypi",
                "url": "https://pypi.org/simple",
                "verify_ssl": true
            }
        ]
    },
    "default": {
        "beautifulsoup4": {
            "hashes": [
                "sha256:9a315ce70049920ea4572a4055bc4bd700c940521d36fc858205ad4fcde149bf",
                "sha256:c23ad23c521d818955a4151a67d81580319d4bf548d3d49f4223ae041ff98891"
            ],
            "markers": "python_version >= '3.1'",
            "version": "==4.10.0"
        },
        "bs4": {
            "hashes": [
                "sha256:36ecea1fd7cc5c0c6e4a1ff075df26d50da647b75376626cc186e2212886dd3a"
            ],
            "index": "pypi",
            "version": "==0.0.1"
        },
        "certifi": {
            "hashes": [
                "sha256:78884e7c1d4b00ce3cea67b44566851c4343c120abd683433ce934a68ea58872",
                "sha256:d62a0163eb4c2344ac042ab2bdf75399a71a2d8c7d47eac2e2ee91b9d6339569"
            ],
            "version": "==2021.10.8"
        },
        "chardet": {
            "hashes": [
                "sha256:84ab92ed1c4d4f16916e05906b6b75a6c0fb5db821cc65e70cbd64a3e2a5eaae",
                "sha256:fc323ffcaeaed0e0a02bf4d117757b98aed530d9ed4531e3e15460124c106691"
            ],
            "version": "==3.0.4"
        },
        "click": {
            "hashes": [
                "sha256:353f466495adaeb40b6b5f592f9f91cb22372351c84caeb068132442a4518ef3",
                "sha256:410e932b050f5eed773c4cda94de75971c89cdb3155a72a0831139a79e5ecb5b"
            ],
            "markers": "python_version >= '3.6'",
            "version": "==8.0.3"
        },
        "dj-database-url": {
            "hashes": [
                "sha256:4aeaeb1f573c74835b0686a2b46b85990571159ffc21aa57ecd4d1e1cb334163",
                "sha256:851785365761ebe4994a921b433062309eb882fedd318e1b0fcecc607ed02da9"
            ],
            "index": "pypi",
            "version": "==0.5.0"
        },
        "django": {
            "hashes": [
                "sha256:1ffab268ada3d5684c05ba7ce776eaeedef360712358d6a6b340ae9f16486916",
                "sha256:dd46d87af4c1bf54f4c926c3cfa41dc2b5c15782f15e4329752ce65f5dad1c37"
            ],
            "index": "pypi",
            "version": "==2.1.3"
        },
        "django-extensions": {
            "hashes": [
                "sha256:30cb6a8c7d6f75a55edf0c0c4491bd98f8264ae1616ce105f9cecac4387edd07",
                "sha256:4ad86a7a5e84f1c77db030761ae87a600647250c652030a2b71a16e87f3a3d62"
            ],
            "index": "pypi",
            "version": "==2.1.3"
        },
        "idna": {
            "hashes": [
                "sha256:156a6814fb5ac1fc6850fb002e0852d56c0c8d2531923a51032d1b70760e186e",
                "sha256:684a38a6f903c1d71d6d5fac066b58d7768af4de2b832e426ec79c30daa94a16"
            ],
            "version": "==2.7"
        },
        "importlib-metadata": {
            "hashes": [
                "sha256:65a9576a5b2d58ca44d133c42a241905cc45e34d2c06fd5ba2bafa221e5d7b5e",
                "sha256:766abffff765960fcc18003801f7044eb6755ffae4521c8e8ce8e83b9c9b0668"
            ],
            "markers": "python_version < '3.8'",
            "version": "==4.8.3"
        },
        "joblib": {
            "hashes": [
                "sha256:4158fcecd13733f8be669be0683b96ebdbbd38d23559f54dca7205aea1bf1e35",
                "sha256:f21f109b3c7ff9d95f8387f752d0d9c34a02aa2f7060c2135f465da0e5160ff6"
            ],
            "markers": "python_version >= '3.6'",
            "version": "==1.1.0"
        },
        "nltk": {
            "hashes": [
                "sha256:22e97be5d6c784d93a52d17860515cc50c5cfcc620b1f5c3747765041255a01e",
                "sha256:51bf1aef5304740a708be7c8e683f7798f03dc5c7a7e7feb758be9e95f4585e3"
            ],
            "markers": "python_version >= '3.6'",
            "version": "==3.6.7"
        },
        "psycopg2": {
            "hashes": [
                "sha256:10e391687b171878181e71736d0effe3772314a339d9ae30995ec8171a0c834e",
                "sha256:1283f9d45e458c2dcb15ba89367923563f90ef636fe78ee22df75183484a0237",
                "sha256:1a9c32e4d140bea225f9821d993b2e53c913e717ea97b851246aa9b300095d8f",
                "sha256:1be6f2438d2b71fec7b07c3c0949dd321b04349c382907ea76b36120edec8300",
                "sha256:20ca6f29e118b8dd7133e8708b3fba2881e70a4e0841f874ed23985b7201a076",
                "sha256:227c115b3c1f65d61385e51ac690b91b584640aefb45bffacd4bd33d02ed7221",
                "sha256:27959abe64ca1fc6d8cd11a71a1f421d8287831a3262bd4cacd43bbf43cc3c82",
                "sha256:2b2daf1fe30a58300542aea679fd87d1e1c2afd36e7644837b7954fa2dbacb92",
                "sha256:36e51a51f295fdf67bcf05e7b1877011a6b39e6622b0013fe31c5025241873a3",
                "sha256:3992b9b914f2eb77dc07e8045d2ca979e491612808bc5c7cd68f307469acf9f6",
                "sha256:39a11de2335ad45ececed43ab851d36a4c52843d756471b940804f301792781e",
                "sha256:3c2afe9ef0d1649005e3ccf93c1aaccd6f8ee379530e763d3b3b77f406b7c0ae",
                "sha256:3fb18e0e52807fe3a300dc1b5421aa492d5e759550918f597d61863419482535",
                "sha256:55eab94de96ee9702f23283e9c8b03cfdb0001e2b14d5d2e1bd5ff8114b96b9f",
                "sha256:7e95c0ab7e7e6e452586f35d4d8966b1e924c8dd2c23977e3ea4968770ff1d26",
                "sha256:7f47514dbddf604f196fcfe5da955537f04691bef8124aff5632316a78d992b7",
                "sha256:8345370356bb4bddf93acbcfd0357163dd6b09471937adcfb38a2fbb49bdce53",
                "sha256:8bc6ecb220c0b88d3742042013129c817c44459795c97e9ce1bca70a3f37a53b",
                "sha256:8df623f248be15d1725faf5f333791678775047f12f17a90d29b5d22573f5cdc",
                "sha256:9645f1305e4268cc0fc88c823cd6c91de27c003e183c233a6a230e5e963039ee",
                "sha256:a68719ed5be8373dd72c9e45d55f7a202285e05a2e392eaa8872a67ea47d7d20",
                "sha256:aca0edf062ec09e954fdf0cc93d3a872362701210983a1442549e703aedec25d",
                "sha256:b0dd2114d93d8f424bb8ae76e0dc540f104b70ca9163172c05e7700b1459d4c9",
                "sha256:b2c09359d6802279efb9efb3f91a9c94567151baee95175f9b637ea628f35244",
                "sha256:ca7bc37b1efb7cc25271bf10f398462ed975d95259af1406d38fcb268466e34f",
                "sha256:e64235d9013ebf6319cb9654e08f5066112c34d8c4cc41186254ab9c3d6d5b9b",
                "sha256:ec9be679c0065667503851141c31fa699e1cc69ded3ba8e5d3673dd5a6eb1370",
                "sha256:eca00d0f91fcb44d88b12f1fd16ad138e38fa07debb79587e2b7ff1fe80d72b9",
                "sha256:f256e807b8b2b45b6af60d7f2bb5194aab2f4acc861241c4d8ef942a55f5030d",
                "sha256:fce7612a3bd6a7ba95799f88285653bf130bd7ca066b52674d5f850108b2aec0"
            ],
            "index": "pypi",
            "version": "==2.7.6.1"
        },
        "pytz": {
            "hashes": [
                "sha256:3672058bc3453457b622aab7a1c3bfd5ab0bdae451512f6cf25f64ed37f5b87c",
                "sha256:acad2d8b20a1af07d4e4c9d2e9285c5ed9104354062f275f3fcd88dcef4f1326"
            ],
            "version": "==2021.3"
        },
        "rake-nltk": {
            "hashes": [
                "sha256:fe2b5d4422754f80f292763dac9e5be366af7a7a0431a621d79c603110cd004e"
            ],
            "index": "pypi",
            "version": "==1.0.4"
        },
        "regex": {
            "hashes": [
                "sha256:04611cc0f627fc4a50bc4a9a2e6178a974c6a6a4aa9c1cca921635d2c47b9c87",
                "sha256:0b5d6f9aed3153487252d00a18e53f19b7f52a1651bc1d0c4b5844bc286dfa52",
                "sha256:0d2f5c3f7057530afd7b739ed42eb04f1011203bc5e4663e1e1d01bb50f813e3",
                "sha256:11772be1eb1748e0e197a40ffb82fb8fd0d6914cd147d841d9703e2bef24d288",
                "sha256:1333b3ce73269f986b1fa4d5d395643810074dc2de5b9d262eb258daf37dc98f",
                "sha256:16f81025bb3556eccb0681d7946e2b35ff254f9f888cff7d2120e8826330315c",
                "sha256:1a171eaac36a08964d023eeff740b18a415f79aeb212169080c170ec42dd5184",
                "sha256:1d6301f5288e9bdca65fab3de6b7de17362c5016d6bf8ee4ba4cbe833b2eda0f",
                "sha256:1e031899cb2bc92c0cf4d45389eff5b078d1936860a1be3aa8c94fa25fb46ed8",
                "sha256:1f8c0ae0a0de4e19fddaaff036f508db175f6f03db318c80bbc239a1def62d02",
                "sha256:2245441445099411b528379dee83e56eadf449db924648e5feb9b747473f42e3",
                "sha256:22709d701e7037e64dae2a04855021b62efd64a66c3ceed99dfd684bfef09e38",
                "sha256:24c89346734a4e4d60ecf9b27cac4c1fee3431a413f7aa00be7c4d7bbacc2c4d",
                "sha256:25716aa70a0d153cd844fe861d4f3315a6ccafce22b39d8aadbf7fcadff2b633",
                "sha256:2dacb3dae6b8cc579637a7b72f008bff50a94cde5e36e432352f4ca57b9e54c4",
                "sha256:34316bf693b1d2d29c087ee7e4bb10cdfa39da5f9c50fa15b07489b4ab93a1b5",
                "sha256:36b2d700a27e168fa96272b42d28c7ac3ff72030c67b32f37c05616ebd22a202",
                "sha256:37978254d9d00cda01acc1997513f786b6b971e57b778fbe7c20e30ae81a97f3",
                "sha256:38289f1690a7e27aacd049e420769b996826f3728756859420eeee21cc857118",
                "sha256:385ccf6d011b97768a640e9d4de25412204fbe8d6b9ae39ff115d4ff03f6fe5d",
                "sha256:3c7ea86b9ca83e30fa4d4cd0eaf01db3ebcc7b2726a25990966627e39577d729",
                "sha256:49810f907dfe6de8da5da7d2b238d343e6add62f01a15d03e2195afc180059ed",
                "sha256:519c0b3a6fbb68afaa0febf0d28f6c4b0a1074aefc484802ecb9709faf181607",
                "sha256:51f02ca184518702975b56affde6c573ebad4e411599005ce4468b1014b4786c",
                "sha256:552a39987ac6655dad4bf6f17dd2b55c7b0c6e949d933b8846d2e312ee80005a",
                "sha256:596f5ae2eeddb79b595583c2e0285312b2783b0ec759930c272dbf02f851ff75",
                "sha256:6014038f52b4b2ac1fa41a58d439a8a00f015b5c0735a0cd4b09afe344c94899",
                "sha256:61ebbcd208d78658b09e19c78920f1ad38936a0aa0f9c459c46c197d11c580a0",
                "sha256:6213713ac743b190ecbf3f316d6e41d099e774812d470422b3a0f137ea635832",
                "sha256:637e27ea1ebe4a561db75a880ac659ff439dec7f55588212e71700bb1ddd5af9",
                "sha256:6aa427c55a0abec450bca10b64446331b5ca8f79b648531138f357569705bc4a",
                "sha256:6ca45359d7a21644793de0e29de497ef7f1ae7268e346c4faf87b421fea364e6",
                "sha256:6db1b52c6f2c04fafc8da17ea506608e6be7086715dab498570c3e55e4f8fbd1",
                "sha256:752e7ddfb743344d447367baa85bccd3629c2c3940f70506eb5f01abce98ee68",
                "sha256:760c54ad1b8a9b81951030a7e8e7c3ec0964c1cb9fee585a03ff53d9e531bb8e",
                "sha256:768632fd8172ae03852e3245f11c8a425d95f65ff444ce46b3e673ae5b057b74",
                "sha256:7a0b9f6a1a15d494b35f25ed07abda03209fa76c33564c09c9e81d34f4b919d7",
                "sha256:7e070d3aef50ac3856f2ef5ec7214798453da878bb5e5a16c16a61edf1817cc3",
                "sha256:7e12949e5071c20ec49ef00c75121ed2b076972132fc1913ddf5f76cae8d10b4",
                "sha256:7e26eac9e52e8ce86f915fd33380f1b6896a2b51994e40bb094841e5003429b4",
                "sha256:85ffd6b1cb0dfb037ede50ff3bef80d9bf7fa60515d192403af6745524524f3b",
                "sha256:8618d9213a863c468a865e9d2ec50221015f7abf52221bc927152ef26c484b4c",
                "sha256:8acef4d8a4353f6678fd1035422a937c2170de58a2b29f7da045d5249e934101",
                "sha256:8d2f355a951f60f0843f2368b39970e4667517e54e86b1508e76f92b44811a8a",
                "sha256:90b6840b6448203228a9d8464a7a0d99aa8fa9f027ef95fe230579abaf8a6ee1",
                "sha256:9187500d83fd0cef4669385cbb0961e227a41c0c9bc39219044e35810793edf7",
                "sha256:93c20777a72cae8620203ac11c4010365706062aa13aaedd1a21bb07adbb9d5d",
                "sha256:93cce7d422a0093cfb3606beae38a8e47a25232eea0f292c878af580a9dc7605",
                "sha256:94c623c331a48a5ccc7d25271399aff29729fa202c737ae3b4b28b89d2b0976d",
                "sha256:97f32dc03a8054a4c4a5ab5d761ed4861e828b2c200febd4e46857069a483916",
                "sha256:9a2bf98ac92f58777c0fafc772bf0493e67fcf677302e0c0a630ee517a43b949",
                "sha256:a602bdc8607c99eb5b391592d58c92618dcd1537fdd87df1813f03fed49957a6",
                "sha256:a9d24b03daf7415f78abc2d25a208f234e2c585e5e6f92f0204d2ab7b9ab48e3",
                "sha256:abfcb0ef78df0ee9df4ea81f03beea41849340ce33a4c4bd4dbb99e23ec781b6",
                "sha256:b013f759cd69cb0a62de954d6d2096d648bc210034b79b1881406b07ed0a83f9",
                "sha256:b02e3e72665cd02afafb933453b0c9f6c59ff6e3708bd28d0d8580450e7e88af",
                "sha256:b52cc45e71657bc4743a5606d9023459de929b2a198d545868e11898ba1c3f59",
                "sha256:ba37f11e1d020969e8a779c06b4af866ffb6b854d7229db63c5fdddfceaa917f",
                "sha256:bb804c7d0bfbd7e3f33924ff49757de9106c44e27979e2492819c16972ec0da2",
                "sha256:bf594cc7cc9d528338d66674c10a5b25e3cde7dd75c3e96784df8f371d77a298",
                "sha256:c38baee6bdb7fe1b110b6b3aaa555e6e872d322206b7245aa39572d3fc991ee4",
                "sha256:c73d2166e4b210b73d1429c4f1ca97cea9cc090e5302df2a7a0a96ce55373f1c",
                "sha256:c9099bf89078675c372339011ccfc9ec310310bf6c292b413c013eb90ffdcafc",
                "sha256:cf0db26a1f76aa6b3aa314a74b8facd586b7a5457d05b64f8082a62c9c49582a",
                "sha256:d19a34f8a3429bd536996ad53597b805c10352a8561d8382e05830df389d2b43",
                "sha256:da80047524eac2acf7c04c18ac7a7da05a9136241f642dd2ed94269ef0d0a45a",
                "sha256:de2923886b5d3214be951bc2ce3f6b8ac0d6dfd4a0d0e2a4d2e5523d8046fdfb",
                "sha256:defa0652696ff0ba48c8aff5a1fac1eef1ca6ac9c660b047fc8e7623c4eb5093",
                "sha256:e54a1eb9fd38f2779e973d2f8958fd575b532fe26013405d1afb9ee2374e7ab8",
                "sha256:e5c31d70a478b0ca22a9d2d76d520ae996214019d39ed7dd93af872c7f301e52",
                "sha256:ebaeb93f90c0903233b11ce913a7cb8f6ee069158406e056f884854c737d2442",
                "sha256:ecfe51abf7f045e0b9cdde71ca9e153d11238679ef7b5da6c82093874adf3338",
                "sha256:f99112aed4fb7cee00c7f77e8b964a9b10f69488cdff626ffd797d02e2e4484f",
                "sha256:fd914db437ec25bfa410f8aa0aa2f3ba87cdfc04d9919d608d02330947afaeab"
            ],
            "version": "==2022.1.18"
        },
        "requests": {
            "hashes": [
                "sha256:65b3a120e4329e33c9889db89c80976c5272f56ea92d3e74da8a463992e3ff54",
                "sha256:ea881206e59f41dbd0bd445437d792e43906703fff75ca8ff43ccdb11f33f263"
            ],
            "index": "pypi",
            "version": "==2.20.1"
        },
        "six": {
            "hashes": [
                "sha256:1e61c37477a1626458e36f7b1d82aa5c9b094fa4802892072e49de9c60c4c926",
                "sha256:8abb2f1d86890a2dfb989f9a77cfcfd3e47c2a354b01111771326f8aa26e0254"
            ],
            "markers": "python_version >= '2.7' and python_version not in '3.0, 3.1, 3.2, 3.3'",
            "version": "==1.16.0"
        },
        "soupsieve": {
            "hashes": [
                "sha256:1a3cca2617c6b38c0343ed661b1fa5de5637f257d4fe22bd9f1338010a1efefb",
                "sha256:b8d49b1cd4f037c7082a9683dfa1801aa2597fb11c3a1155b7a5b94829b4f1f9"
            ],
            "markers": "python_version >= '3.6'",
            "version": "==2.3.1"
        },
        "tqdm": {
            "hashes": [
                "sha256:8dd278a422499cd6b727e6ae4061c40b48fce8b76d1ccbf5d34fca9b7f925b0c",
                "sha256:d359de7217506c9851b7869f3708d8ee53ed70a1b8edbba4dbcb47442592920d"
            ],
            "markers": "python_version >= '2.7' and python_version not in '3.0, 3.1, 3.2, 3.3'",
            "version": "==4.62.3"
        },
        "typing-extensions": {
            "hashes": [
                "sha256:4ca091dea149f945ec56afb48dae714f21e8692ef22a395223bcd328961b6a0e",
                "sha256:7f001e5ac290a0c0401508864c7ec868be4e701886d5b573a9528ed3973d9d3b"
            ],
            "markers": "python_version < '3.8'",
            "version": "==4.0.1"
        },
        "urllib3": {
            "hashes": [
                "sha256:2393a695cd12afedd0dcb26fe5d50d0cf248e5a66f75dbd89a3d4eb333a61af4",
                "sha256:a637e5fae88995b256e3409dc4d52c2e2e0ba32c42a6365fee8bbd2238de3cfb"
            ],
            "markers": "python_version >= '2.7' and python_version not in '3.0, 3.1, 3.2, 3.3' and python_version < '4'",
            "version": "==1.24.3"
        },
        "zipp": {
            "hashes": [
                "sha256:71c644c5369f4a6e07636f0aa966270449561fcea2e3d6747b8d23efaa9d7832",
                "sha256:9fe5ea21568a0a70e50f273397638d39b03353731e6cbbb3fd8502a33fec40bc"
            ],
            "markers": "python_version >= '3.6'",
            "version": "==3.6.0"
        }
    },
    "develop": {
        "backcall": {
            "hashes": [
                "sha256:5cbdbf27be5e7cfadb448baf0aa95508f91f2bbc6c6437cd9cd06e2a4c215e1e",
                "sha256:fbbce6a29f263178a1f7915c1940bde0ec2b2a967566fe1c65c1dfb7422bd255"
            ],
            "version": "==0.2.0"
        },
        "decorator": {
            "hashes": [
                "sha256:637996211036b6385ef91435e4fae22989472f9d571faba8927ba8253acbc330",
                "sha256:b8c3f85900b9dc423225913c5aace94729fe1fa9763b38939a95226f02d37186"
            ],
            "markers": "python_version >= '3.5'",
            "version": "==5.1.1"
        },
        "ipython": {
            "hashes": [
                "sha256:5ac47dc9af66fc2f5530c12069390877ae372ac905edca75a92a6e363b5d7caa",
                "sha256:c0427ed8bc33ac481faf9d3acf7e84e0010cdaada945e0badd1e2e74cc075833"
            ],
            "index": "pypi",
            "version": "==7.16.3"
        },
        "ipython-genutils": {
            "hashes": [
                "sha256:72dd37233799e619666c9f639a9da83c34013a73e8bbc79a7a6348d93c61fab8",
                "sha256:eb2e116e75ecef9d4d228fdc66af54269afa26ab4463042e33785b887c628ba8"
            ],
            "version": "==0.2.0"
        },
        "jedi": {
            "hashes": [
                "sha256:86ed7d9b750603e4ba582ea8edc678657fb4007894a12bcf6f4bb97892f31d20",
                "sha256:98cc583fa0f2f8304968199b01b6b4b94f469a1f4a74c1560506ca2a211378b5"
            ],
            "markers": "python_version >= '2.7' and python_version not in '3.0, 3.1, 3.2, 3.3, 3.4'",
            "version": "==0.17.2"
        },
        "parso": {
            "hashes": [
                "sha256:97218d9159b2520ff45eb78028ba8b50d2bc61dcc062a9682666f2dc4bd331ea",
                "sha256:caba44724b994a8a5e086460bb212abc5a8bc46951bf4a9a1210745953622eb9"
            ],
            "markers": "python_version >= '2.7' and python_version not in '3.0, 3.1, 3.2, 3.3'",
            "version": "==0.7.1"
        },
        "pexpect": {
            "hashes": [
                "sha256:0b48a55dcb3c05f3329815901ea4fc1537514d6ba867a152b581d69ae3710937",
                "sha256:fc65a43959d153d0114afe13997d439c22823a27cefceb5ff35c2178c6784c0c"
            ],
            "markers": "sys_platform != 'win32'",
            "version": "==4.8.0"
        },
        "pickleshare": {
            "hashes": [
                "sha256:87683d47965c1da65cdacaf31c8441d12b8044cdec9aca500cd78fc2c683afca",
                "sha256:9649af414d74d4df115d5d718f82acb59c9d418196b7b4290ed47a12ce62df56"
            ],
            "version": "==0.7.5"
        },
        "prompt-toolkit": {
            "hashes": [
                "sha256:1bb05628c7d87b645974a1bad3f17612be0c29fa39af9f7688030163f680bad6",
                "sha256:e56f2ff799bacecd3e88165b1e2f5ebf9bcd59e80e06d395fa0cc4b8bd7bb506"
            ],
            "markers": "python_full_version >= '3.6.2'",
            "version": "==3.0.24"
        },
        "ptyprocess": {
            "hashes": [
                "sha256:4b41f3967fce3af57cc7e94b888626c18bf37a083e3651ca8feeb66d492fef35",
                "sha256:5c5d0a3b48ceee0b48485e0c26037c0acd7d29765ca3fbb5cb3831d347423220"
            ],
            "version": "==0.7.0"
        },
        "pygments": {
            "hashes": [
                "sha256:44238f1b60a76d78fc8ca0528ee429702aae011c265fe6a8dd8b63049ae41c65",
                "sha256:4e426f72023d88d03b2fa258de560726ce890ff3b630f88c21cbb8b2503b8c6a"
            ],
            "markers": "python_version >= '3.5'",
            "version": "==2.11.2"
        },
        "setuptools": {
            "hashes": [
                "sha256:22c7348c6d2976a52632c67f7ab0cdf40147db7789f9aed18734643fe9cf3373",
                "sha256:4ce92f1e1f8f01233ee9952c04f6b81d1e02939d6e1b488428154974a4d0783e"
            ],
            "markers": "python_version >= '3.6'",
            "version": "==59.6.0"
        },
        "six": {
            "hashes": [
                "sha256:1e61c37477a1626458e36f7b1d82aa5c9b094fa4802892072e49de9c60c4c926",
                "sha256:8abb2f1d86890a2dfb989f9a77cfcfd3e47c2a354b01111771326f8aa26e0254"
            ],
            "markers": "python_version >= '2.7' and python_version not in '3.0, 3.1, 3.2, 3.3'",
            "version": "==1.16.0"
        },
        "traitlets": {
            "hashes": [
                "sha256:70b4c6a1d9019d7b4f6846832288f86998aa3b9207c6821f3578a6a6a467fe44",
                "sha256:d023ee369ddd2763310e4c3eae1ff649689440d4ae59d7485eb4cfbbe3e359f7"
            ],
            "version": "==4.3.3"
        },
        "wcwidth": {
            "hashes": [
                "sha256:beb4802a9cebb9144e99086eff703a642a13d6a0052920003a230f3294bbe784",
                "sha256:c4d647b99872929fdb7bdcaa4fbe7f01413ed3d98077df798530e5b04f116c83"
            ],
            "version": "==0.2.5"
        }
    }
}
